
Microsoft Visual Studio Solution File, Format Version 12.00
# Visual Studio 15
VisualStudioVersion = 15.0.27703.2035
MinimumVisualStudioVersion = 10.0.40219.1
Project("{FAE04EC0-301F-11D3-BF4B-00C04F79EFBC}") = "Desembolso.API", "Desembolso.API\Desembolso.API.csproj", "{4C0AA0F5-20E0-4D5B-9FE9-2B20EB937AC6}"
EndProject
Project("{FAE04EC0-301F-11D3-BF4B-00C04F79EFBC}") = "Desembolso.Business", "Desembolso.Business\Desembolso.Business.csproj", "{3FCE3441-3F16-4DFB-AFF1-5F149DF1F50A}"
EndProject
Project("{FAE04EC0-301F-11D3-BF4B-00C04F79EFBC}") = "Desembolso.Contracts", "Desembolso.Contracts\Desembolso.Contracts.csproj", "{25CAE805-9A0A-492A-A37B-C1B23ECF38D7}"
EndProject
Project("{FAE04EC0-301F-11D3-BF4B-00C04F79EFBC}") = "Desembolso.Data", "Desembolso.Data\Desembolso.Data.csproj", "{CB790794-8DB2-4AA4-8157-A65AA293551A}"
EndProject
Project("{FAE04EC0-301F-11D3-BF4B-00C04F79EFBC}") = "Desembolso.Models", "Desembolso.Models\Desembolso.Models.csproj", "{D817429C-27B4-412D-95D9-A0587E2B34B5}"
EndProject
Global
	GlobalSection(SolutionConfigurationPlatforms) = preSolution
		Debug|Any CPU = Debug|Any CPU
		Release|Any CPU = Release|Any CPU
	EndGlobalSection
	GlobalSection(ProjectConfigurationPlatforms) = postSolution
		{4C0AA0F5-20E0-4D5B-9FE9-2B20EB937AC6}.Debug|Any CPU.ActiveCfg = Debug|Any CPU
		{4C0AA0F5-20E0-4D5B-9FE9-2B20EB937AC6}.Debug|Any CPU.Build.0 = Debug|Any CPU
		{4C0AA0F5-20E0-4D5B-9FE9-2B20EB937AC6}.Release|Any CPU.ActiveCfg = Release|Any CPU
		{4C0AA0F5-20E0-4D5B-9FE9-2B20EB937AC6}.Release|Any CPU.Build.0 = Release|Any CPU
		{3FCE3441-3F16-4DFB-AFF1-5F149DF1F50A}.Debug|Any CPU.ActiveCfg = Debug|Any CPU
		{3FCE3441-3F16-4DFB-AFF1-5F149DF1F50A}.Debug|Any CPU.Build.0 = Debug|Any CPU
		{3FCE3441-3F16-4DFB-AFF1-5F149DF1F50A}.Release|Any CPU.ActiveCfg = Release|Any CPU
		{3FCE3441-3F16-4DFB-AFF1-5F149DF1F50A}.Release|Any CPU.Build.0 = Release|Any CPU
		{25CAE805-9A0A-492A-A37B-C1B23ECF38D7}.Debug|Any CPU.ActiveCfg = Debug|Any CPU
		{25CAE805-9A0A-492A-A37B-C1B23ECF38D7}.Debug|Any CPU.Build.0 = Debug|Any CPU
		{25CAE805-9A0A-492A-A37B-C1B23ECF38D7}.Release|Any CPU.ActiveCfg = Release|Any CPU
		{25CAE805-9A0A-492A-A37B-C1B23ECF38D7}.Release|Any CPU.Build.0 = Release|Any CPU
		{CB790794-8DB2-4AA4-8157-A65AA293551A}.Debug|Any CPU.ActiveCfg = Debug|Any CPU
		{CB790794-8DB2-4AA4-8157-A65AA293551A}.Debug|Any CPU.Build.0 = Debug|Any CPU
		{CB790794-8DB2-4AA4-8157-A65AA293551A}.Release|Any CPU.ActiveCfg = Release|Any CPU
		{CB790794-8DB2-4AA4-8157-A65AA293551A}.Release|Any CPU.Build.0 = Release|Any CPU
		{D817429C-27B4-412D-95D9-A0587E2B34B5}.Debug|Any CPU.ActiveCfg = Debug|Any CPU
		{D817429C-27B4-412D-95D9-A0587E2B34B5}.Debug|Any CPU.Build.0 = Debug|Any CPU
		{D817429C-27B4-412D-95D9-A0587E2B34B5}.Release|Any CPU.ActiveCfg = Release|Any CPU
		{D817429C-27B4-412D-95D9-A0587E2B34B5}.Release|Any CPU.Build.0 = Release|Any CPU
	EndGlobalSection
	GlobalSection(SolutionProperties) = preSolution
		HideSolutionNode = FALSE
	EndGlobalSection
	GlobalSection(ExtensibilityGlobals) = postSolution
		SolutionGuid = {8D60471B-5A1A-4197-A5E0-859AA8F8DEF2}
	EndGlobalSection
EndGlobal
